// !$*UTF8*$!
{
	archiveVersion = 1;
	classes = {
	};
	objectVersion = 56;
	objects = {

/* Begin PBXBuildFile section */
		1743C37E2C71961800E95977 /* AppKit.framework in Frameworks */ = {isa = PBXBuildFile; fileRef = 1743C37D2C71961800E95977 /* AppKit.framework */; };
		1743C3802C71961800E95977 /* Foundation.framework in Frameworks */ = {isa = PBXBuildFile; fileRef = 1743C37F2C71961800E95977 /* Foundation.framework */; };
		1743C3842C71961800E95977 /* BetterDiscordLoader.m in Sources */ = {isa = PBXBuildFile; fileRef = 1743C3832C71961800E95977 /* BetterDiscordLoader.m */; };
		1743C3882C71961800E95977 /* ZKSwizzle.m in Sources */ = {isa = PBXBuildFile; fileRef = 1743C3872C71961800E95977 /* ZKSwizzle.m */; };
		1743C38B2C71961800E95977 /* PrefixHeader.pch in Resources */ = {isa = PBXBuildFile; fileRef = 1743C38A2C71961800E95977 /* PrefixHeader.pch */; };
/* End PBXBuildFile section */

/* Begin PBXFileReference section */
		1743C37A2C71961800E95977 /* BetterDiscordLoader.bundle */ = {isa = PBXFileReference; explicitFileType = wrapper.cfbundle; includeInIndex = 0; path = BetterDiscordLoader.bundle; sourceTree = BUILT_PRODUCTS_DIR; };
		1743C37D2C71961800E95977 /* AppKit.framework */ = {isa = PBXFileReference; lastKnownFileType = wrapper.framework; name = AppKit.framework; path = /System/Library/Frameworks/AppKit.framework; sourceTree = "<absolute>"; };
		1743C37F2C71961800E95977 /* Foundation.framework */ = {isa = PBXFileReference; lastKnownFileType = wrapper.framework; name = Foundation.framework; path = /System/Library/Frameworks/Foundation.framework; sourceTree = "<absolute>"; };
		1743C3822C71961800E95977 /* BetterDiscordLoader.h */ = {isa = PBXFileReference; lastKnownFileType = sourcecode.c.h; path = BetterDiscordLoader.h; sourceTree = "<group>"; };
		1743C3832C71961800E95977 /* BetterDiscordLoader.m */ = {isa = PBXFileReference; lastKnownFileType = sourcecode.c.objc; path = BetterDiscordLoader.m; sourceTree = "<group>"; };
		1743C3862C71961800E95977 /* ZKSwizzle.h */ = {isa = PBXFileReference; lastKnownFileType = sourcecode.c.h; path = ZKSwizzle.h; sourceTree = "<group>"; };
		1743C3872C71961800E95977 /* ZKSwizzle.m */ = {isa = PBXFileReference; lastKnownFileType = sourcecode.c.objc; path = ZKSwizzle.m; sourceTree = "<group>"; };
		1743C38A2C71961800E95977 /* PrefixHeader.pch */ = {isa = PBXFileReference; lastKnownFileType = sourcecode.c.h; path = PrefixHeader.pch; sourceTree = "<group>"; };
		1743C38C2C71961800E95977 /* Info.plist */ = {isa = PBXFileReference; lastKnownFileType = text.plist.xml; path = Info.plist; sourceTree = "<group>"; };
/* End PBXFileReference section */

/* Begin PBXFrameworksBuildPhase section */
		1743C3772C71961800E95977 /* Frameworks */ = {
			isa = PBXFrameworksBuildPhase;
			buildActionMask = 2147483647;
			files = (
				1743C37E2C71961800E95977 /* AppKit.framework in Frameworks */,
				1743C3802C71961800E95977 /* Foundation.framework in Frameworks */,
			);
			runOnlyForDeploymentPostprocessing = 0;
		};
/* End PBXFrameworksBuildPhase section */

/* Begin PBXGroup section */
		1743C3712C71961800E95977 = {
			isa = PBXGroup;
			children = (
				1743C3812C71961800E95977 /* BetterDiscordLoader */,
				1743C37C2C71961800E95977 /* Frameworks */,
				1743C37B2C71961800E95977 /* Products */,
			);
			sourceTree = "<group>";
		};
		1743C37B2C71961800E95977 /* Products */ = {
			isa = PBXGroup;
			children = (
				1743C37A2C71961800E95977 /* BetterDiscordLoader.bundle */,
			);
			name = Products;
			sourceTree = "<group>";
		};
		1743C37C2C71961800E95977 /* Frameworks */ = {
			isa = PBXGroup;
			children = (
				1743C37D2C71961800E95977 /* AppKit.framework */,
				1743C37F2C71961800E95977 /* Foundation.framework */,
			);
			name = Frameworks;
			sourceTree = "<group>";
		};
		1743C3812C71961800E95977 /* BetterDiscordLoader */ = {
			isa = PBXGroup;
			children = (
				1743C3822C71961800E95977 /* BetterDiscordLoader.h */,
				1743C3832C71961800E95977 /* BetterDiscordLoader.m */,
				1743C3852C71961800E95977 /* ZKSwizzle */,
				1743C3892C71961800E95977 /* Supporting Files */,
			);
			path = BetterDiscordLoader;
			sourceTree = "<group>";
		};
		1743C3852C71961800E95977 /* ZKSwizzle */ = {
			isa = PBXGroup;
			children = (
				1743C3862C71961800E95977 /* ZKSwizzle.h */,
				1743C3872C71961800E95977 /* ZKSwizzle.m */,
			);
			path = ZKSwizzle;
			sourceTree = "<group>";
		};
		1743C3892C71961800E95977 /* Supporting Files */ = {
			isa = PBXGroup;
			children = (
				1743C38A2C71961800E95977 /* PrefixHeader.pch */,
				1743C38C2C71961800E95977 /* Info.plist */,
			);
			name = "Supporting Files";
			sourceTree = "<group>";
		};
/* End PBXGroup section */

/* Begin PBXNativeTarget section */
		1743C3792C71961800E95977 /* BetterDiscordLoader */ = {
			isa = PBXNativeTarget;
			buildConfigurationList = 1743C3902C71961800E95977 /* Build configuration list for PBXNativeTarget "BetterDiscordLoader" */;
			buildPhases = (
				1743C3762C71961800E95977 /* Sources */,
				1743C3772C71961800E95977 /* Frameworks */,
				1743C3782C71961800E95977 /* Resources */,
				1743C3932C71AB2200E95977 /* ShellScript */,
			);
			buildRules = (
			);
			dependencies = (
			);
			name = BetterDiscordLoader;
			productName = BetterDiscordLoader;
			productReference = 1743C37A2C71961800E95977 /* BetterDiscordLoader.bundle */;
			productType = "com.apple.product-type.bundle";
		};
/* End PBXNativeTarget section */

/* Begin PBXProject section */
		1743C3722C71961800E95977 /* Project object */ = {
			isa = PBXProject;
			attributes = {
				BuildIndependentTargetsInParallel = 1;
				LastUpgradeCheck = 1430;
				TargetAttributes = {
					1743C3792C71961800E95977 = {
						CreatedOnToolsVersion = 14.3.1;
					};
				};
			};
			buildConfigurationList = 1743C3752C71961800E95977 /* Build configuration list for PBXProject "BetterDiscordLoader" */;
			compatibilityVersion = "Xcode 14.0";
			developmentRegion = en;
			hasScannedForEncodings = 0;
			knownRegions = (
				en,
				Base,
			);
			mainGroup = 1743C3712C71961800E95977;
			productRefGroup = 1743C37B2C71961800E95977 /* Products */;
			projectDirPath = "";
			projectRoot = "";
			targets = (
				1743C3792C71961800E95977 /* BetterDiscordLoader */,
			);
		};
/* End PBXProject section */

/* Begin PBXResourcesBuildPhase section */
		1743C3782C71961800E95977 /* Resources */ = {
			isa = PBXResourcesBuildPhase;
			buildActionMask = 2147483647;
			files = (
				1743C38B2C71961800E95977 /* PrefixHeader.pch in Resources */,
			);
			runOnlyForDeploymentPostprocessing = 0;
		};
/* End PBXResourcesBuildPhase section */

/* Begin PBXShellScriptBuildPhase section */
		1743C3932C71AB2200E95977 /* ShellScript */ = {
			isa = PBXShellScriptBuildPhase;
			buildActionMask = 2147483647;
			files = (
			);
			inputFileListPaths = (
			);
			inputPaths = (
			);
			outputFileListPaths = (
			);
			outputPaths = (
			);
			runOnlyForDeploymentPostprocessing = 0;
			shellPath = /bin/sh;
			shellScript = "killall Discord\n";
		};
/* End PBXShellScriptBuildPhase section */

/* Begin PBXSourcesBuildPhase section */
		1743C3762C71961800E95977 /* Sources */ = {
			isa = PBXSourcesBuildPhase;
			buildActionMask = 2147483647;
			files = (
				1743C3842C71961800E95977 /* BetterDiscordLoader.m in Sources */,
				1743C3882C71961800E95977 /* ZKSwizzle.m in Sources */,
			);
			runOnlyForDeploymentPostprocessing = 0;
		};
/* End PBXSourcesBuildPhase section */

/* Begin XCBuildConfiguration section */
		1743C38E2C71961800E95977 /* Debug */ = {
			isa = XCBuildConfiguration;
			buildSettings = {
				ALWAYS_SEARCH_USER_PATHS = NO;
				ARCHS = (
					"$(ARCHS_STANDARD)",
					arm64e,
				);
				CLANG_ANALYZER_NONNULL = YES;
				CLANG_ANALYZER_NUMBER_OBJECT_CONVERSION = YES_AGGRESSIVE;
				CLANG_CXX_LANGUAGE_STANDARD = "gnu++20";
				CLANG_ENABLE_MODULES = YES;
				CLANG_ENABLE_OBJC_ARC = YES;
				CLANG_ENABLE_OBJC_WEAK = YES;
				CLANG_WARN_BLOCK_CAPTURE_AUTORELEASING = YES;
				CLANG_WARN_BOOL_CONVERSION = YES;
				CLANG_WARN_COMMA = YES;
				CLANG_WARN_CONSTANT_CONVERSION = YES;
				CLANG_WARN_DEPRECATED_OBJC_IMPLEMENTATIONS = YES;
				CLANG_WARN_DIRECT_OBJC_ISA_USAGE = YES_ERROR;
				CLANG_WARN_DOCUMENTATION_COMMENTS = YES;
				CLANG_WARN_EMPTY_BODY = YES;
				CLANG_WARN_ENUM_CONVERSION = YES;
				CLANG_WARN_INFINITE_RECURSION = YES;
				CLANG_WARN_INT_CONVERSION = YES;
				CLANG_WARN_NON_LITERAL_NULL_CONVERSION = YES;
				CLANG_WARN_OBJC_IMPLICIT_RETAIN_SELF = YES;
				CLANG_WARN_OBJC_LITERAL_CONVERSION = YES;
				CLANG_WARN_OBJC_ROOT_CLASS = YES_ERROR;
				CLANG_WARN_QUOTED_INCLUDE_IN_FRAMEWORK_HEADER = YES;
				CLANG_WARN_RANGE_LOOP_ANALYSIS = YES;
				CLANG_WARN_STRICT_PROTOTYPES = YES;
				CLANG_WARN_SUSPICIOUS_MOVE = YES;
				CLANG_WARN_UNGUARDED_AVAILABILITY = YES_AGGRESSIVE;
				CLANG_WARN_UNREACHABLE_CODE = YES;
				CLANG_WARN__DUPLICATE_METHOD_MATCH = YES;
				COPY_PHASE_STRIP = NO;
				DEBUG_INFORMATION_FORMAT = dwarf;
				ENABLE_STRICT_OBJC_MSGSEND = YES;
				ENABLE_TESTABILITY = YES;
				GCC_C_LANGUAGE_STANDARD = gnu11;
				GCC_DYNAMIC_NO_PIC = NO;
				GCC_NO_COMMON_BLOCKS = YES;
				GCC_OPTIMIZATION_LEVEL = 0;
				GCC_PREPROCESSOR_DEFINITIONS = (
					"DEBUG=1",
					"$(inherited)",
				);
				GCC_WARN_64_TO_32_BIT_CONVERSION = YES;
				GCC_WARN_ABOUT_RETURN_TYPE = YES_ERROR;
				GCC_WARN_UNDECLARED_SELECTOR = YES;
				GCC_WARN_UNINITIALIZED_AUTOS = YES_AGGRESSIVE;
				GCC_WARN_UNUSED_FUNCTION = YES;
				GCC_WARN_UNUSED_VARIABLE = YES;
				MTL_ENABLE_DEBUG_INFO = INCLUDE_SOURCE;
				MTL_FAST_MATH = YES;
				ONLY_ACTIVE_ARCH = NO;
			};
			name = Debug;
		};
		1743C38F2C71961800E95977 /* Release */ = {
			isa = XCBuildConfiguration;
			buildSettings = {
				ALWAYS_SEARCH_USER_PATHS = NO;
				ARCHS = (
					"$(ARCHS_STANDARD)",
					arm64e,
				);
				CLANG_ANALYZER_NONNULL = YES;
				CLANG_ANALYZER_NUMBER_OBJECT_CONVERSION = YES_AGGRESSIVE;
				CLANG_CXX_LANGUAGE_STANDARD = "gnu++20";
				CLANG_ENABLE_MODULES = YES;
				CLANG_ENABLE_OBJC_ARC = YES;
				CLANG_ENABLE_OBJC_WEAK = YES;
				CLANG_WARN_BLOCK_CAPTURE_AUTORELEASING = YES;
				CLANG_WARN_BOOL_CONVERSION = YES;
				CLANG_WARN_COMMA = YES;
				CLANG_WARN_CONSTANT_CONVERSION = YES;
				CLANG_WARN_DEPRECATED_OBJC_IMPLEMENTATIONS = YES;
				CLANG_WARN_DIRECT_OBJC_ISA_USAGE = YES_ERROR;
				CLANG_WARN_DOCUMENTATION_COMMENTS = YES;
				CLANG_WARN_EMPTY_BODY = YES;
				CLANG_WARN_ENUM_CONVERSION = YES;
				CLANG_WARN_INFINITE_RECURSION = YES;
				CLANG_WARN_INT_CONVERSION = YES;
				CLANG_WARN_NON_LITERAL_NULL_CONVERSION = YES;
				CLANG_WARN_OBJC_IMPLICIT_RETAIN_SELF = YES;
				CLANG_WARN_OBJC_LITERAL_CONVERSION = YES;
				CLANG_WARN_OBJC_ROOT_CLASS = YES_ERROR;
				CLANG_WARN_QUOTED_INCLUDE_IN_FRAMEWORK_HEADER = YES;
				CLANG_WARN_RANGE_LOOP_ANALYSIS = YES;
				CLANG_WARN_STRICT_PROTOTYPES = YES;
				CLANG_WARN_SUSPICIOUS_MOVE = YES;
				CLANG_WARN_UNGUARDED_AVAILABILITY = YES_AGGRESSIVE;
				CLANG_WARN_UNREACHABLE_CODE = YES;
				CLANG_WARN__DUPLICATE_METHOD_MATCH = YES;
				COPY_PHASE_STRIP = NO;
				DEBUG_INFORMATION_FORMAT = "dwarf-with-dsym";
				ENABLE_NS_ASSERTIONS = NO;
				ENABLE_STRICT_OBJC_MSGSEND = YES;
				GCC_C_LANGUAGE_STANDARD = gnu11;
				GCC_NO_COMMON_BLOCKS = YES;
				GCC_WARN_64_TO_32_BIT_CONVERSION = YES;
				GCC_WARN_ABOUT_RETURN_TYPE = YES_ERROR;
				GCC_WARN_UNDECLARED_SELECTOR = YES;
				GCC_WARN_UNINITIALIZED_AUTOS = YES_AGGRESSIVE;
				GCC_WARN_UNUSED_FUNCTION = YES;
				GCC_WARN_UNUSED_VARIABLE = YES;
				MTL_ENABLE_DEBUG_INFO = NO;
				MTL_FAST_MATH = YES;
				ONLY_ACTIVE_ARCH = NO;
			};
			name = Release;
		};
		1743C3912C71961800E95977 /* Debug */ = {
			isa = XCBuildConfiguration;
			buildSettings = {
				ARCHS = (
					"$(ARCHS_STANDARD)",
					arm64e,
				);
				CLANG_ENABLE_OBJC_ARC = YES;
				CODE_SIGN_IDENTITY = "Apple Development";
				"CODE_SIGN_IDENTITY[sdk=macosx*]" = "Apple Development";
				CODE_SIGN_STYLE = Automatic;
				COMBINE_HIDPI_IMAGES = YES;
				CURRENT_PROJECT_VERSION = 1;
				DEPLOYMENT_LOCATION = YES;
				DEVELOPMENT_TEAM = 7ML54VJYG9;
				"DEVELOPMENT_TEAM[sdk=macosx*]" = 7ML54VJYG9;
				DSTROOT = /;
				GCC_PRECOMPILE_PREFIX_HEADER = YES;
				GCC_PREFIX_HEADER = BetterDiscordLoader/PrefixHeader.pch;
				GENERATE_INFOPLIST_FILE = YES;
				INFOPLIST_FILE = BetterDiscordLoader/Info.plist;
				INFOPLIST_KEY_LSApplicationCategoryType = "";
				INSTALL_PATH = "/Library/Application Support/MacEnhance/Plugins";
				MACH_O_TYPE = mh_dylib;
				MACOSX_DEPLOYMENT_TARGET = 11.0;
				MARKETING_VERSION = 1.0;
				PRODUCT_BUNDLE_IDENTIFIER = com.mtac.BetterDiscordLoader;
				PRODUCT_NAME = "$(TARGET_NAME)";
				PROVISIONING_PROFILE_SPECIFIER = "";
				SWIFT_EMIT_LOC_STRINGS = YES;
				WRAPPER_EXTENSION = bundle;
			};
			name = Debug;
		};
		1743C3922C71961800E95977 /* Release */ = {
			isa = XCBuildConfiguration;
			buildSettings = {
				ARCHS = (
					"$(ARCHS_STANDARD)",
					arm64e,
				);
				CLANG_ENABLE_OBJC_ARC = YES;
				CODE_SIGN_IDENTITY = "Apple Development";
				"CODE_SIGN_IDENTITY[sdk=macosx*]" = "Apple Development";
				CODE_SIGN_STYLE = Automatic;
				COMBINE_HIDPI_IMAGES = YES;
				CURRENT_PROJECT_VERSION = 1;
				DEPLOYMENT_LOCATION = YES;
				DEVELOPMENT_TEAM = 7ML54VJYG9;
				"DEVELOPMENT_TEAM[sdk=macosx*]" = 7ML54VJYG9;
				DSTROOT = /;
				GCC_PRECOMPILE_PREFIX_HEADER = YES;
				GCC_PREFIX_HEADER = BetterDiscordLoader/PrefixHeader.pch;
				GENERATE_INFOPLIST_FILE = YES;
				INFOPLIST_FILE = BetterDiscordLoader/Info.plist;
				INFOPLIST_KEY_LSApplicationCategoryType = "";
				INSTALL_PATH = "/Library/Application Support/MacEnhance/Plugins";
				MACH_O_TYPE = mh_dylib;
				MACOSX_DEPLOYMENT_TARGET = 11.0;
				MARKETING_VERSION = 1.0;
				PRODUCT_BUNDLE_IDENTIFIER = com.mtac.BetterDiscordLoader;
				PRODUCT_NAME = "$(TARGET_NAME)";
				PROVISIONING_PROFILE_SPECIFIER = "";
				SWIFT_EMIT_LOC_STRINGS = YES;
				WRAPPER_EXTENSION = bundle;
			};
			name = Release;
		};
/* End XCBuildConfiguration section */

/* Begin XCConfigurationList section */
		1743C3752C71961800E95977 /* Build configuration list for PBXProject "BetterDiscordLoader" */ = {
			isa = XCConfigurationList;
			buildConfigurations = (
				1743C38E2C71961800E95977 /* Debug */,
				1743C38F2C71961800E95977 /* Release */,
			);
			defaultConfigurationIsVisible = 0;
			defaultConfigurationName = Release;
		};
		1743C3902C71961800E95977 /* Build configuration list for PBXNativeTarget "BetterDiscordLoader" */ = {
			isa = XCConfigurationList;
			buildConfigurations = (
				1743C3912C71961800E95977 /* Debug */,
				1743C3922C71961800E95977 /* Release */,
			);
			defaultConfigurationIsVisible = 0;
			defaultConfigurationName = Release;
		};
/* End XCConfigurationList section */
	};
	rootObject = 1743C3722C71961800E95977 /* Project object */;
}
